
Microsoft Visual Studio Solution File, Format Version 12.00
# Visual Studio 15
VisualStudioVersion = 15.0.27004.2002
MinimumVisualStudioVersion = 10.0.40219.1
Project("{FAE04EC0-301F-11D3-BF4B-00C04F79EFBC}") = "CRUD_In_Windows_Form_In_CSharp", "CRUD_In_Windows_Form_In_CSharp\CRUD_In_Windows_Form_In_CSharp.csproj", "{272F0B56-FE36-4607-954E-734474DC1CA4}"
EndProject
Global
	GlobalSection(SolutionConfigurationPlatforms) = preSolution
		Debug|Any CPU = Debug|Any CPU
		Release|Any CPU = Release|Any CPU
	EndGlobalSection
	GlobalSection(ProjectConfigurationPlatforms) = postSolution
		{272F0B56-FE36-4607-954E-734474DC1CA4}.Debug|Any CPU.ActiveCfg = Debug|Any CPU
		{272F0B56-FE36-4607-954E-734474DC1CA4}.Debug|Any CPU.Build.0 = Debug|Any CPU
		{272F0B56-FE36-4607-954E-734474DC1CA4}.Release|Any CPU.ActiveCfg = Release|Any CPU
		{272F0B56-FE36-4607-954E-734474DC1CA4}.Release|Any CPU.Build.0 = Release|Any CPU
	EndGlobalSection
	GlobalSection(SolutionProperties) = preSolution
		HideSolutionNode = FALSE
	EndGlobalSection
	GlobalSection(ExtensibilityGlobals) = postSolution
		SolutionGuid = {DFA6A9AF-DDC6-4486-8C7B-B4B13AD5DC2C}
	EndGlobalSection
EndGlobal
